{
    "name": "ultimate-formatter",
    "version": "0.1.4",
    "lockfileVersion": 3,
    "requires": true,
    "packages": {
        "": {
            "name": "ultimate-formatter",
            "version": "0.1.4",
            "engines": {
                "vscode": "^1.70.0"
            }
        }
    }
}
